github.com/cihub/seelog v0.0.0-20151216151435-d2c6e5aa9fbf h1:XI2tOTCBqEnMyN2j1yPBI07yQHeywUSCEf8YWqf0oKw=
github.com/cihub/seelog v0.0.0-20151216151435-d2c6e5aa9fbf/go.mod h1:9d6lWj8KzO/fd/NrVaLscBKmPigpZpn5YawRPw+e3Yo=
github.com/davecgh/go-spew v1.1.0 h1:ZDRjVQ15GmhC3fiQ8ni8+OwkZQO4DARzQgrnXU1Liz8=
github.com/davecgh/go-spew v1.1.0/go.mod h1:J7Y8YcW2NihsgmVo/mv3lAwl/skON4iLHjSsI+c5H38=
github.com/dustin/go-humanize v0.0.0-20171111073723-bb3d318650d4 h1:qk/FSDDxo05wdJH28W+p5yivv7LuLYLRXPPD8KQCtZs=
github.com/dustin/go-humanize v0.0.0-20171111073723-bb3d318650d4/go.mod h1:HtrtbFcZ19U5GC7JDqmcUSB87Iq5E25KnS6fMYU6eOk=
github.com/gin-contrib/multitemplate v0.0.0-20180222032326-d2d1ac3f563e h1:rNi2JYi2kd2vQW4N2R6CKHihwQ9vJubJHwnmR2z4vqs=
github.com/gin-contrib/multitemplate v0.0.0-20180222032326-d2d1ac3f563e/go.mod h1:62qM8p4crGvNKE413gTzn4eMFin1VOJfMDWMRzHdvqM=
github.com/gin-contrib/sse v0.0.0-20170109093832-22d885f9ecc7 h1:AzN37oI0cOS+cougNAV9szl6CVoj2RYwzS3DpUQNtlY=
github.com/gin-contrib/sse v0.0.0-20170109093832-22d885f9ecc7/go.mod h1:VJ0WA2NBN22VlZ2dKZQPAPnyWw5XTlK1KymzLKsr59s=
github.com/gin-gonic/gin v1.1.5-0.20180329063307-6d913fc343cf h1:4SLrpwPadA15XSnOteRnXQrfHtYqDiHm29J40VesTzk=
github.com/gin-gonic/gin v1.1.5-0.20180329063307-6d913fc343cf/go.mod h1:7cKuhb5qV2ggCFctp2fJQ+ErvciLZrIeoOSOm6mUr7Y=
github.com/golang/protobuf v1.0.0 h1:lsek0oXi8iFE9L+EXARyHIjU5rlWIhhTkjDz3vHhWWQ=
github.com/golang/protobuf v1.0.0/go.mod h1:6lQm79b+lXiMfvg/cZm0SGofjICqVBUtrP5yJMmIC1U=
github.com/gorilla/websocket v1.2.0 h1:VJtLvh6VQym50czpZzx07z/kw9EgAxI3x1ZB8taTMQQ=
github.com/gorilla/websocket v1.2.0/go.mod h1:E7qHFY5m1UJ88s3WnNqhKjPHQ0heANvMoAMk2YaljkQ=
github.com/json-iterator/go v0.0.0-20180315132816-ca39e5af3ece h1:3HJXp/18JmMk5sjBP3LDUBtWjczCvynxaeAF6b6kWp8=
github.com/json-iterator/go v0.0.0-20180315132816-ca39e5af3ece/go.mod h1:+SdeFBvtyEkXs7REEP0seUULqWtbJapLOCVDaaPEHmU=
github.com/mattn/go-isatty v0.0.3 h1:ns/ykhmWi7G9O+8a448SecJU3nSMBXJfqQkl0upE1jI=
github.com/mattn/go-isatty v0.0.3/go.mod h1:M+lRXTBqGeGNdLjl/ufCoiOlB5xdOkqRJdNxMWT7Zi4=
github.com/microcosm-cc/bluemonday v0.0.0-20180327211928-995366fdf961 h1:AGxHAyzem4hM995lX/dQbS+2tnf3P1DjLIadN7hzzbU=
github.com/microcosm-cc/bluemonday v0.0.0-20180327211928-995366fdf961/go.mod h1:hsXNsILzKxV+sX77C5b8FSuKF00vh2OMYv+xgHpAMF4=
github.com/modern-go/concurrent v0.0.0-20180306012644-bacd9c7ef1dd h1:TRLaZ9cD/w8PVh93nsPXa1VrQ6jlwL5oN8l14QlcNfg=
github.com/modern-go/concurrent v0.0.0-20180306012644-bacd9c7ef1dd/go.mod h1:6dJC0mAP4ikYIbvyc7fijjWJddQyLn8Ig3JB5CqoB9Q=
github.com/modern-go/reflect2 v0.0.0-20180228065516-1df9eeb2bb81 h1:ImOHKpmdLPXWX5KSYquUWXKaopEPuY7TPPUo18u9aOI=
github.com/modern-go/reflect2 v0.0.0-20180228065516-1df9eeb2bb81/go.mod h1:bx2lNnkwVCuqBIxFjflWJWanXIb3RllmbCylyMrvgv0=
github.com/pkg/errors v0.8.0 h1:WdK/asTD0HN+q6hsWO3/vpuAkAr+tw6aNJNDFFf0+qw=
github.com/pkg/errors v0.8.0/go.mod h1:bwawxfHBFNV+L2hUp1rHADufV3IMtnDRdf1r5NINEl0=
github.com/pmezard/go-difflib v1.0.0 h1:4DBwDE0NGyQoBHbLQYPwSUPoCMWR5BEzIk/f1lZbAQM=
github.com/pmezard/go-difflib v1.0.0/go.mod h1:iKH77koFhYxTK1pcRnkKkqfTogsbg7gZNVY4sRDYZ/4=
github.com/stretchr/testify v1.2.1 h1:52QO5WkIUcHGIR7EnGagH88x1bUzqGXTC5/1bDTUQ7U=
github.com/stretchr/testify v1.2.1/go.mod h1:a8OnRcib4nhh0OaRAV+Yts87kKdq0PP7pXfy6kDkUVs=
github.com/theckman/go-flock v0.4.0 h1:bcqNkS4RTQBGWybG7IBimUMxnLz53Qes1+D4QaOhzJc=
github.com/theckman/go-flock v0.4.0/go.mod h1:kjuth3y9VJ2aNlkNEO99G/8lp9fMIKaGyBmh84IBheM=
github.com/ugorji/go v0.0.0-20180112141927-9831f2c3ac10 h1:4zp+5ElNBLy5qmaDFrbVDolQSOtPmquw+W6EMNEpi+k=
github.com/ugorji/go v0.0.0-20180112141927-9831f2c3ac10/go.mod h1:hnLbHMwcvSihnDhEfx2/BzKp2xb0Y+ErdfYcrs9tkJQ=
golang.org/x/crypto v0.0.0-20180403160946-b2aa35443fbc h1:Kx1Ke+iCR1aDjbWXgmEQGFxoHtNL49aRZGV7/+jJ41Y=
golang.org/x/crypto v0.0.0-20180403160946-b2aa35443fbc/go.mod h1:6SG95UA2DQfeDnfUPMdvaQW0Q7yPrPDi9nlGo2tz2b4=
golang.org/x/net v0.0.0-20180404174746-b3c676e531a6 h1:mge3qS/eMvcfyIAzTMOAy0XUzWG6Lk0N4M8zjuSmdco=
golang.org/x/net v0.0.0-20180404174746-b3c676e531a6/go.mod h1:mL1N/T3taQHkDXs73rZJwtUhF3w3ftmwwsq0BUmARs4=
golang.org/x/sync v0.0.0-20200317015054-43a5402ce75a h1:WXEvlFVvvGxCJLG6REjsT03iWnKLEWinaScsxF2Vm2o=
golang.org/x/sync v0.0.0-20200317015054-43a5402ce75a/go.mod h1:RxMgew5VJxzue5/jJTE5uejpjVlOe/izrB70Jof72aM=
golang.org/x/sys v0.0.0-20180404203733-1d206c9fa897 h1:6v7qiKaN+CIIE+8O09n/3mik7cQ07dR4VQlFyqGrTW0=
golang.org/x/sys v0.0.0-20180404203733-1d206c9fa897/go.mod h1:STP8DvDyc/dI5b8T5hshtkjS+E42TnysNCUPdjciGhY=
gopkg.in/check.v1 v0.0.0-20161208181325-20d25e280405 h1:yhCVgyC4o1eVCa2tZl7eS0r+SDo693bJlVdllGtEeKM=
gopkg.in/check.v1 v0.0.0-20161208181325-20d25e280405/go.mod h1:Co6ibVJAznAaIkqp8huTwlJQCZ016jof/cbN4VW5Yz0=
gopkg.in/go-playground/assert.v1 v1.2.1 h1:xoYuJVE7KT85PYWrN730RguIQO0ePzVRfFMXadIrXTM=
gopkg.in/go-playground/assert.v1 v1.2.1/go.mod h1:9RXL0bg/zibRAgZUYszZSwO/z8Y/a8bDuhia5mkpMnE=
gopkg.in/go-playground/validator.v8 v8.18.2 h1:lFB4DoMU6B626w8ny76MV7VX6W2VHct2GVOI3xgiMrQ=
gopkg.in/go-playground/validator.v8 v8.18.2/go.mod h1:RX2a/7Ha8BgOhfk7j780h4/u/RRjR0eouCJSH80/M2Y=
gopkg.in/yaml.v2 v2.2.1 h1:mUhvW9EsL+naU5Q3cakzfE91YhliOondGd6ZrsDBHQE=
gopkg.in/yaml.v2 v2.2.1/go.mod h1:hI93XBmqTisBFMUTm0b8Fm+jr3Dg1NNxqwp+5A1VGuI=
